
Microsoft Visual Studio Solution File, Format Version 12.00
# Visual Studio Version 16
VisualStudioVersion = 16.0.30128.74
MinimumVisualStudioVersion = 10.0.40219.1
Project("{FAE04EC0-301F-11D3-BF4B-00C04F79EFBC}") = "Verilog45", "Verilog45\Verilog45.csproj", "{C32098DE-768D-4521-8C70-119A087D9407}"
EndProject
Global
	GlobalSection(SolutionConfigurationPlatforms) = preSolution
		Debug|Any CPU = Debug|Any CPU
		iCEBreaker Deploy|Any CPU = iCEBreaker Deploy|Any CPU
		Release|Any CPU = Release|Any CPU
		ULX3S 12F Deploy|Any CPU = ULX3S 12F Deploy|Any CPU
		ULX3S 45F Deploy|Any CPU = ULX3S 45F Deploy|Any CPU
		ULX3S 85F Deploy|Any CPU = ULX3S 85F Deploy|Any CPU
	EndGlobalSection
	GlobalSection(ProjectConfigurationPlatforms) = postSolution
		{C32098DE-768D-4521-8C70-119A087D9407}.Debug|Any CPU.ActiveCfg = Debug|Any CPU
		{C32098DE-768D-4521-8C70-119A087D9407}.Debug|Any CPU.Build.0 = Debug|Any CPU
		{C32098DE-768D-4521-8C70-119A087D9407}.iCEBreaker Deploy|Any CPU.ActiveCfg = iCEBreaker Deploy|Any CPU
		{C32098DE-768D-4521-8C70-119A087D9407}.iCEBreaker Deploy|Any CPU.Build.0 = iCEBreaker Deploy|Any CPU
		{C32098DE-768D-4521-8C70-119A087D9407}.Release|Any CPU.ActiveCfg = Release|Any CPU
		{C32098DE-768D-4521-8C70-119A087D9407}.Release|Any CPU.Build.0 = Release|Any CPU
		{C32098DE-768D-4521-8C70-119A087D9407}.ULX3S 12F Deploy|Any CPU.ActiveCfg = ULX3S 12F Deploy|Any CPU
		{C32098DE-768D-4521-8C70-119A087D9407}.ULX3S 12F Deploy|Any CPU.Build.0 = ULX3S 12F Deploy|Any CPU
		{C32098DE-768D-4521-8C70-119A087D9407}.ULX3S 45F Deploy|Any CPU.ActiveCfg = ULX3S 45F Deploy|Any CPU
		{C32098DE-768D-4521-8C70-119A087D9407}.ULX3S 45F Deploy|Any CPU.Build.0 = ULX3S 45F Deploy|Any CPU
		{C32098DE-768D-4521-8C70-119A087D9407}.ULX3S 85F Deploy|Any CPU.ActiveCfg = ULX3S 85F Deploy|Any CPU
		{C32098DE-768D-4521-8C70-119A087D9407}.ULX3S 85F Deploy|Any CPU.Build.0 = ULX3S 85F Deploy|Any CPU
	EndGlobalSection
	GlobalSection(SolutionProperties) = preSolution
		HideSolutionNode = FALSE
	EndGlobalSection
	GlobalSection(ExtensibilityGlobals) = postSolution
		SolutionGuid = {6C8E8D00-D428-4AEA-B233-9E5D7C56185B}
	EndGlobalSection
EndGlobal
