
Microsoft Visual Studio Solution File, Format Version 12.00
# Visual Studio Version 16
VisualStudioVersion = 16.0.30011.22
MinimumVisualStudioVersion = 10.0.40219.1
Project("{FAE04EC0-301F-11D3-BF4B-00C04F79EFBC}") = "VerilogLanguage", "VerilogLanguage.csproj", "{F091221E-FD10-41A7-AAC4-C9359178BDB1}"
EndProject
Project("{FAE04EC0-301F-11D3-BF4B-00C04F79EFBC}") = "VerilogProjectTemplate", "ProjectTemplate\VerilogProjectTemplate.csproj", "{9A4A3D89-477A-4F28-A1C0-5107AB41EE3B}"
EndProject
Project("{FAE04EC0-301F-11D3-BF4B-00C04F79EFBC}") = "ProjectTemplate-LiteX", "ProjectTemplates\ProjectTemplate-LiteX\ProjectTemplate-LiteX.csproj", "{E6656CD1-0025-448F-8D9D-D9ED5278440C}"
EndProject
Global
	GlobalSection(SolutionConfigurationPlatforms) = preSolution
		Debug|Any CPU = Debug|Any CPU
		Release|Any CPU = Release|Any CPU
	EndGlobalSection
	GlobalSection(ProjectConfigurationPlatforms) = postSolution
		{F091221E-FD10-41A7-AAC4-C9359178BDB1}.Debug|Any CPU.ActiveCfg = Debug|Any CPU
		{F091221E-FD10-41A7-AAC4-C9359178BDB1}.Debug|Any CPU.Build.0 = Debug|Any CPU
		{F091221E-FD10-41A7-AAC4-C9359178BDB1}.Release|Any CPU.ActiveCfg = Release|Any CPU
		{F091221E-FD10-41A7-AAC4-C9359178BDB1}.Release|Any CPU.Build.0 = Release|Any CPU
		{9A4A3D89-477A-4F28-A1C0-5107AB41EE3B}.Debug|Any CPU.ActiveCfg = Debug|Any CPU
		{9A4A3D89-477A-4F28-A1C0-5107AB41EE3B}.Debug|Any CPU.Build.0 = Debug|Any CPU
		{9A4A3D89-477A-4F28-A1C0-5107AB41EE3B}.Release|Any CPU.ActiveCfg = Release|Any CPU
		{9A4A3D89-477A-4F28-A1C0-5107AB41EE3B}.Release|Any CPU.Build.0 = Release|Any CPU
		{E6656CD1-0025-448F-8D9D-D9ED5278440C}.Debug|Any CPU.ActiveCfg = Debug|Any CPU
		{E6656CD1-0025-448F-8D9D-D9ED5278440C}.Debug|Any CPU.Build.0 = Debug|Any CPU
		{E6656CD1-0025-448F-8D9D-D9ED5278440C}.Release|Any CPU.ActiveCfg = Release|Any CPU
		{E6656CD1-0025-448F-8D9D-D9ED5278440C}.Release|Any CPU.Build.0 = Release|Any CPU
	EndGlobalSection
	GlobalSection(SolutionProperties) = preSolution
		HideSolutionNode = FALSE
	EndGlobalSection
	GlobalSection(ExtensibilityGlobals) = postSolution
		SolutionGuid = {63A107C7-D336-4F68-AA9B-67E8459AFFC0}
	EndGlobalSection
EndGlobal
