Microsoft Visual Studio Solution File, Format Version 12.00
# Visual Studio Version 18
VisualStudioVersion = 18.4.11626.88
MinimumVisualStudioVersion = 10.0.40219.1
Project("{FAE04EC0-301F-11D3-BF4B-00C04F79EFBC}") = "VerilogLanguage", "VerilogLanguage.csproj", "{F091221E-FD10-41A7-AAC4-C9359178BDB1}"
EndProject
Project("{FAE04EC0-301F-11D3-BF4B-00C04F79EFBC}") = "VerilogProjectTemplate", "AddedExtensionProjectTemplates\VerilogProject\VerilogProjectTemplate.csproj", "{8E669251-2F2E-4F2C-8627-0365D35B8A8B}"
EndProject
Project("{2150E333-8FDC-42A3-9474-1A3956D46DE8}") = "Sample Test Files", "Sample Test Files", "{20D165A8-A0EA-4B8A-969F-573B2C03FF53}"
	ProjectSection(SolutionItems) = preProject
		TestFiles\anothertest - Copy.v = TestFiles\anothertest - Copy.v
		TestFiles\anothertest.v = TestFiles\anothertest.v
		TestFiles\asterisk_issue_16.v = TestFiles\asterisk_issue_16.v
		TestFiles\bracketest.v = TestFiles\bracketest.v
		TestFiles\comma.v = TestFiles\comma.v
		TestFiles\const.v = TestFiles\const.v
		TestFiles\current_bracket_issue.v = TestFiles\current_bracket_issue.v
		TestFiles\declaration_text.v = TestFiles\declaration_text.v
		TestFiles\din _test3.v = TestFiles\din _test3.v
		TestFiles\din_test.v = TestFiles\din_test.v
		TestFiles\din_test2.v = TestFiles\din_test2.v
		TestFiles\din_test4.v = TestFiles\din_test4.v
		TestFiles\EmptyFile.v = TestFiles\EmptyFile.v
		TestFiles\file1.v = TestFiles\file1.v
		TestFiles\file2.v = TestFiles\file2.v
		TestFiles\issue10.v = TestFiles\issue10.v
		TestFiles\issue12.v = TestFiles\issue12.v
		TestFiles\issue16.v = TestFiles\issue16.v
		TestFiles\issue21.v = TestFiles\issue21.v
		TestFiles\issue21_mini.v = TestFiles\issue21_mini.v
		TestFiles\JanGray.v = TestFiles\JanGray.v
		TestFiles\mini_test - Copy.v = TestFiles\mini_test - Copy.v
		TestFiles\mini_test.v = TestFiles\mini_test.v
		TestFiles\module_name.v = TestFiles\module_name.v
		TestFiles\new_test.v = TestFiles\new_test.v
		TestFiles\otherfile.verilog = TestFiles\otherfile.verilog
		TestFiles\picorv32.v = TestFiles\picorv32.v
		TestFiles\picorv32.v.txt = TestFiles\picorv32.v.txt
		TestFiles\primitives_test.v = TestFiles\primitives_test.v
		TestFiles\StopWatch.v = TestFiles\StopWatch.v
		TestFiles\test - bigfile.v = TestFiles\test - bigfile.v
		TestFiles\test.v = TestFiles\test.v
		TestFiles\test2.v = TestFiles\test2.v
		TestFiles\testfile-1K.v = TestFiles\testfile-1K.v
		TestFiles\testfile-4K.v = TestFiles\testfile-4K.v
		TestFiles\testfile-5K.v = TestFiles\testfile-5K.v
		TestFiles\vert_bar.v = TestFiles\vert_bar.v
		TestFiles\wiretest.verilog = TestFiles\wiretest.verilog
		TestFiles\wow.v = TestFiles\wow.v
		TestFiles\wow2.sv = TestFiles\wow2.sv
		TestFiles\wow3.svh = TestFiles\wow3.svh
	EndProjectSection
EndProject
Project("{2150E333-8FDC-42A3-9474-1A3956D46DE8}") = "Scripts", "Scripts", "{58A6FBED-E8BC-45E2-8652-954E7BB5C8C9}"
	ProjectSection(SolutionItems) = preProject
		scripts\build_vsix.bat = scripts\build_vsix.bat
		scripts\check-file.ps1 = scripts\check-file.ps1
		scripts\ci-baseline.ps1 = scripts\ci-baseline.ps1
		scripts\ci-check.ps1 = scripts\ci-check.ps1
		scripts\ci-pass.ps1 = scripts\ci-pass.ps1
		scripts\create-testfile-manifest.ps1 = scripts\create-testfile-manifest.ps1
		scripts\README.md = scripts\README.md
		scripts\refresh-ci-check.ps1 = scripts\refresh-ci-check.ps1
		scripts\refresh-tests.ps1 = scripts\refresh-tests.ps1
		scripts\text-clean.ps1 = scripts\text-clean.ps1
	EndProjectSection
EndProject
Project("{2150E333-8FDC-42A3-9474-1A3956D46DE8}") = "tools", "tools", "{9ACB96E2-FD3C-43A5-9815-8DF9C3C036DB}"
	ProjectSection(SolutionItems) = preProject
		tools\check-text-hygiene.ps1 = tools\check-text-hygiene.ps1
	EndProjectSection
EndProject
Project("{2150E333-8FDC-42A3-9474-1A3956D46DE8}") = "vle-ci", "vle-ci", "{93C4636B-91E9-405B-93D8-70075FC51C98}"
	ProjectSection(SolutionItems) = preProject
		tools\vle-ci\Assert-SnapshotBaselineVersion.ps1 = tools\vle-ci\Assert-SnapshotBaselineVersion.ps1
		tools\vle-ci\Assert-VleReleaseInfo.ps1 = tools\vle-ci\Assert-VleReleaseInfo.ps1
		tools\vle-ci\Compare-Snapshots.py = tools\vle-ci\Compare-Snapshots.py
		tools\vle-ci\Export-Snapshots.ps1 = tools\vle-ci\Export-Snapshots.ps1
		tools\vle-ci\Get-VleVersionInfo.ps1 = tools\vle-ci\Get-VleVersionInfo.ps1
		tools\vle-ci\README.md = tools\vle-ci\README.md
		tools\vle-ci\Run-LocalCI.ps1 = tools\vle-ci\Run-LocalCI.ps1
	EndProjectSection
EndProject
Project("{2150E333-8FDC-42A3-9474-1A3956D46DE8}") = "Solution Files", "Solution Files", "{1FB18B55-CB2A-4AE7-9913-F73550FA7911}"
	ProjectSection(SolutionItems) = preProject
		.editorconfig = .editorconfig
		.gitignore = .gitignore
		CODE_OF_CONDUCT.md = CODE_OF_CONDUCT.md
		code_review-TODO.md = code_review-TODO.md
		LICENSE.md = LICENSE.md
		MARKETPLACE_TEXT.md = MARKETPLACE_TEXT.md
		README.md = README.md
		RELEASE_NOTES.md = RELEASE_NOTES.md
	EndProjectSection
EndProject
Global
	GlobalSection(SolutionConfigurationPlatforms) = preSolution
		Debug|Any CPU = Debug|Any CPU
		Release|Any CPU = Release|Any CPU
	EndGlobalSection
	GlobalSection(ProjectConfigurationPlatforms) = postSolution
		{F091221E-FD10-41A7-AAC4-C9359178BDB1}.Debug|Any CPU.ActiveCfg = Debug|Any CPU
		{F091221E-FD10-41A7-AAC4-C9359178BDB1}.Debug|Any CPU.Build.0 = Debug|Any CPU
		{F091221E-FD10-41A7-AAC4-C9359178BDB1}.Release|Any CPU.ActiveCfg = Release|Any CPU
		{F091221E-FD10-41A7-AAC4-C9359178BDB1}.Release|Any CPU.Build.0 = Release|Any CPU
		{8E669251-2F2E-4F2C-8627-0365D35B8A8B}.Debug|Any CPU.ActiveCfg = Debug|Any CPU
		{8E669251-2F2E-4F2C-8627-0365D35B8A8B}.Debug|Any CPU.Build.0 = Debug|Any CPU
		{8E669251-2F2E-4F2C-8627-0365D35B8A8B}.Release|Any CPU.ActiveCfg = Release|Any CPU
		{8E669251-2F2E-4F2C-8627-0365D35B8A8B}.Release|Any CPU.Build.0 = Release|Any CPU
	EndGlobalSection
	GlobalSection(SolutionProperties) = preSolution
		HideSolutionNode = FALSE
	EndGlobalSection
	GlobalSection(NestedProjects) = preSolution
		{9ACB96E2-FD3C-43A5-9815-8DF9C3C036DB} = {58A6FBED-E8BC-45E2-8652-954E7BB5C8C9}
		{93C4636B-91E9-405B-93D8-70075FC51C98} = {9ACB96E2-FD3C-43A5-9815-8DF9C3C036DB}
	EndGlobalSection
	GlobalSection(ExtensibilityGlobals) = postSolution
		SolutionGuid = {63A107C7-D336-4F68-AA9B-67E8459AFFC0}
	EndGlobalSection
EndGlobal
